
Microsoft Visual Studio Solution File, Format Version 12.00
# Visual Studio 15
VisualStudioVersion = 15.0.27703.2026
MinimumVisualStudioVersion = 10.0.40219.1
Project("{9A19103F-16F7-4668-BE54-9A1E7A4F7556}") = "BlockchainUI", "BlockChainDemo\Block.Chain.UI\BlockchainUI.csproj", "{F76C1990-53CD-4348-9D12-E0D6BB848FD6}"
EndProject
Project("{9A19103F-16F7-4668-BE54-9A1E7A4F7556}") = "Blockchain.Data", "BlockChainDemo\Block.Chain.Data\Blockchain.Data.csproj", "{0FCB5088-CCCB-4549-863B-772D9A423FE5}"
EndProject
Global
	GlobalSection(SolutionConfigurationPlatforms) = preSolution
		Debug|Any CPU = Debug|Any CPU
		Release|Any CPU = Release|Any CPU
	EndGlobalSection
	GlobalSection(ProjectConfigurationPlatforms) = postSolution
		{F76C1990-53CD-4348-9D12-E0D6BB848FD6}.Debug|Any CPU.ActiveCfg = Debug|Any CPU
		{F76C1990-53CD-4348-9D12-E0D6BB848FD6}.Debug|Any CPU.Build.0 = Debug|Any CPU
		{F76C1990-53CD-4348-9D12-E0D6BB848FD6}.Release|Any CPU.ActiveCfg = Release|Any CPU
		{F76C1990-53CD-4348-9D12-E0D6BB848FD6}.Release|Any CPU.Build.0 = Release|Any CPU
		{0FCB5088-CCCB-4549-863B-772D9A423FE5}.Debug|Any CPU.ActiveCfg = Debug|Any CPU
		{0FCB5088-CCCB-4549-863B-772D9A423FE5}.Debug|Any CPU.Build.0 = Debug|Any CPU
		{0FCB5088-CCCB-4549-863B-772D9A423FE5}.Release|Any CPU.ActiveCfg = Release|Any CPU
		{0FCB5088-CCCB-4549-863B-772D9A423FE5}.Release|Any CPU.Build.0 = Release|Any CPU
	EndGlobalSection
	GlobalSection(SolutionProperties) = preSolution
		HideSolutionNode = FALSE
	EndGlobalSection
	GlobalSection(ExtensibilityGlobals) = postSolution
		SolutionGuid = {99DBF78D-600C-4D02-BC30-3427D7A7BB43}
	EndGlobalSection
EndGlobal
